# Generated by conda-lock.
# platform: linux-64
# input_hash: 500842e0c7ac98c394505441135f896ca29fc2fe7ab86cdcfee42bbab71fc1db
@EXPLICIT
https://conda.anaconda.org/conda-forge/linux-64/_libgcc_mutex-0.1-conda_forge.tar.bz2#d7c89558ba9fa0495403155b64376d81
https://conda.anaconda.org/conda-forge/linux-64/_openmp_mutex-4.5-1_gnu.tar.bz2#561e277319a41d4f24f5c05a9ef63c04
https://conda.anaconda.org/conda-forge/linux-64/args-0.1.0-py27h8c360ce_1002.tar.bz2#29e7bd63dff41aad63417a4caaf6430d
https://conda.anaconda.org/conda-forge/linux-64/astropy-2.0.9-py27_0.tar.bz2#fec25b2696a868b5a3d3b7165f730866
https://conda.anaconda.org/conda-forge/linux-64/blosc-1.21.0-h9c3ff4c_0.tar.bz2#5e815e5126c6f7e34ab4496fa1b48dca
https://conda.anaconda.org/conda-forge/linux-64/boost-1.70.0-py27h9de70de_1.tar.bz2#f178e0e056d13e4c7357228de8ef271a
https://conda.anaconda.org/conda-forge/linux-64/boost-cpp-1.70.0-h8e57a91_2.tar.bz2#06e5e4bda4b8b61c7fdc47cc7a2301b2
https://conda.anaconda.org/conda-forge/linux-64/bzip2-1.0.8-h7f98852_4.tar.bz2#a1fd65c7ccbf10880423d82bca54eb54
https://conda.anaconda.org/conda-forge/linux-64/c-ares-1.18.1-h7f98852_0.tar.bz2#f26ef8098fab1f719c91eb760d63381a
https://conda.anaconda.org/conda-forge/linux-64/ca-certificates-2021.10.8-ha878542_0.tar.bz2#575611b8a84f45960e87722eeb51fa26
https://conda.anaconda.org/conda-forge/linux-64/certifi-2019.11.28-py27h8c360ce_1.tar.bz2#a345324a2547908c1f9ca4b65d93f5ba
https://conda.anaconda.org/conda-forge/linux-64/cfitsio-3.470-h2e3daa1_7.tar.bz2#ad287e8114286292129f1cfbe1b8b7d1
https://conda.anaconda.org/conda-forge/linux-64/configparser-3.7.3-py27h8c360ce_2.tar.bz2#fce87da76335c7274cb858745fded401
https://conda.anaconda.org/conda-forge/linux-64/entrypoints-0.3-py27h8c360ce_1001.tar.bz2#60366d5225a69edbfcc71572b099ddde
https://conda.anaconda.org/conda-forge/linux-64/enum34-1.1.10-py27h8c360ce_1.tar.bz2#0af4ab7b9189611125ba54d99163f58d
https://conda.anaconda.org/conda-forge/linux-64/freetype-2.10.4-h0708190_1.tar.bz2#4a06f2ac2e5bfae7b6b245171c3f07aa
https://conda.anaconda.org/conda-forge/linux-64/future-0.18.2-py27h8c360ce_1.tar.bz2#08cef228f3f0805999b697ad75b771e9
https://conda.anaconda.org/conda-forge/linux-64/futures-3.3.0-py27h8c360ce_1.tar.bz2#2689f3fc54d3987298828719b0244005
https://conda.anaconda.org/conda-forge/linux-64/gmp-6.2.1-h58526e2_0.tar.bz2#b94cf2db16066b242ebd26db2facbd56
https://conda.anaconda.org/conda-forge/linux-64/hdf5-1.10.4-nompi_h3c11f04_1106.tar.bz2#3839809cfac5b3a880a4fde18e7b993a
https://conda.anaconda.org/conda-forge/linux-64/healpy-1.13.0-py27hf476568_1.tar.bz2#43b99ff09cf787b84d9738e7ef9c865b
https://conda.anaconda.org/conda-forge/linux-64/icu-64.2-he1b5a44_1.tar.bz2#8e881214a23508f1541eb7a3135d6fcb
https://conda.anaconda.org/conda-forge/linux-64/importlib-metadata-1.5.0-py27h8c360ce_1.tar.bz2#30286cc6fe6bcaf7e74c39b9241cf92c
https://conda.anaconda.org/conda-forge/linux-64/ipykernel-4.10.0-py27_1.tar.bz2#0aa3fa5820d1cd36e6bf840904b0c08a
https://conda.anaconda.org/conda-forge/linux-64/ipython-5.8.0-py27_1.tar.bz2#b95b11ff25dde76c6fa0c5620a8e90ad
https://conda.anaconda.org/conda-forge/linux-64/jupyter_client-5.3.4-py27_1.tar.bz2#ec6099141189dfae14367478d3e96fa9
https://conda.anaconda.org/conda-forge/linux-64/jupyter_core-4.6.3-py27h8c360ce_1.tar.bz2#1ea743b19d7f4e758b0a385fe9a1ef4b
https://conda.anaconda.org/conda-forge/linux-64/kiwisolver-1.1.0-py27h9e3301b_1.tar.bz2#a4ff0ed5a22ce2062a4a7178a2435429
https://conda.anaconda.org/conda-forge/linux-64/krb5-1.19.2-hcc1bbae_2.tar.bz2#2094cf6b08a571cecf7fa332152e6461
https://conda.anaconda.org/conda-forge/linux-64/ld_impl_linux-64-2.36.1-hea4e1c9_2.tar.bz2#bd4f2e711b39af170e7ff15163fe87ee
https://conda.anaconda.org/conda-forge/linux-64/libblas-3.9.0-8_openblas.tar.bz2#95cee6371a5b901797075040941171f3
https://conda.anaconda.org/conda-forge/linux-64/libcblas-3.9.0-8_openblas.tar.bz2#d8e2151683bc12acffedea26eba27e0f
https://conda.anaconda.org/conda-forge/linux-64/libcurl-7.79.1-h2574ce0_1.tar.bz2#7df45d44314d8ed15453dbe9f6c125db
https://conda.anaconda.org/conda-forge/linux-64/libedit-3.1.20191231-he28a2e2_2.tar.bz2#4d331e44109e3f0e19b4cb8f9b82f3e1
https://conda.anaconda.org/conda-forge/linux-64/libev-4.33-h516909a_1.tar.bz2#6f8720dff19e17ce5d48cfe7f3d2f0a3
https://conda.anaconda.org/conda-forge/linux-64/libffi-3.2.1-he1b5a44_1007.tar.bz2#11389072d7d6036fd811c3d9460475cd
https://conda.anaconda.org/conda-forge/linux-64/libgcc-ng-11.2.0-h1d223b6_11.tar.bz2#e3495f4f93cfd6b68021cbe2b5844cd5
https://conda.anaconda.org/conda-forge/linux-64/libgfortran-ng-7.5.0-h14aa051_19.tar.bz2#64e976fde4eeac460137f67f0645dd2a
https://conda.anaconda.org/conda-forge/linux-64/libgfortran4-7.5.0-h14aa051_19.tar.bz2#918ebd815b3d8c0491e65dd608e4b917
https://conda.anaconda.org/conda-forge/linux-64/libgomp-11.2.0-h1d223b6_11.tar.bz2#1d16527c76842bf9c41e9399d39d8097
https://conda.anaconda.org/conda-forge/linux-64/liblapack-3.9.0-8_openblas.tar.bz2#9a860887c77e923c2807c715a7731fb8
https://conda.anaconda.org/conda-forge/linux-64/libnghttp2-1.43.0-h812cca2_1.tar.bz2#d0a7846b7b3b8fb0d8b36904a53b8155
https://conda.anaconda.org/conda-forge/linux-64/libopenblas-0.3.12-pthreads_hb3c22a3_1.tar.bz2#602e033fdeeae7a88dd90283aa777a1f
https://conda.anaconda.org/conda-forge/linux-64/libpng-1.6.37-h21135ba_2.tar.bz2#b6acf807307d033d4b7e758b4f44b036
https://conda.anaconda.org/conda-forge/linux-64/libsodium-1.0.17-h516909a_0.tar.bz2#a98437ebf6fbbc6e498c64636f3958cf
https://conda.anaconda.org/conda-forge/linux-64/libssh2-1.10.0-ha56f1ee_2.tar.bz2#6ab4eaa11ff01801cffca0a27489dc04
https://conda.anaconda.org/conda-forge/linux-64/libstdcxx-ng-11.2.0-he4da1e4_11.tar.bz2#0bf83958e788f1e75ba26154cb702afe
https://conda.anaconda.org/conda-forge/linux-64/libzlib-1.2.11-h36c2ea0_1013.tar.bz2#dcddf696ff5dfcab567100d691678e18
https://conda.anaconda.org/conda-forge/linux-64/lzo-2.10-h516909a_1000.tar.bz2#bb14fcb13341b81d5eb386423b9d2bac
https://conda.anaconda.org/conda-forge/linux-64/matplotlib-base-2.2.5-py27h250f245_1.tar.bz2#bd74d7c9ad275d0b07c9925d2fa81306
https://conda.anaconda.org/conda-forge/linux-64/metis-5.1.0-h58526e2_1006.tar.bz2#d099b812378b1e133c12e3b75167d83a
https://conda.anaconda.org/conda-forge/linux-64/mpfr-4.1.0-h9202a9a_1.tar.bz2#ea9ebeddb066da8fad4a815e61b139be
https://conda.anaconda.org/conda-forge/linux-64/ncurses-6.2-h58526e2_4.tar.bz2#509f2a21c4a09214cd737a480dfd80c9
https://conda.anaconda.org/conda-forge/linux-64/numexpr-2.7.1-py27hb3f55d8_0.tar.bz2#6d390837d142f6fd63f7fc186eda9546
https://conda.anaconda.org/conda-forge/linux-64/numpy-1.16.5-py27h95a1406_0.tar.bz2#c0f6bb7c3bd322885bcc08a8741b209c
https://conda.anaconda.org/conda-forge/linux-64/openssl-1.1.1l-h7f98852_0.tar.bz2#de7b38a1542dbe6f41653a8ae71adc53
https://conda.anaconda.org/conda-forge/linux-64/pandas-0.24.2-py27hb3f55d8_0.tar.bz2#95059d9a72cf322d248578533449d552
https://conda.anaconda.org/conda-forge/linux-64/pathlib2-2.3.5-py27h8c360ce_1.tar.bz2#5334600914183898c9e7610d894e49e3
https://conda.anaconda.org/conda-forge/linux-64/photospline-2.0.4-py27h6884982_1.tar.bz2#80a97a8e81cb0ee98d37239e98b3b50d
https://conda.anaconda.org/conda-forge/linux-64/pickleshare-0.7.5-py27h8c360ce_1001.tar.bz2#93586047c34842372ae2c1ed5fc9edbf
https://conda.anaconda.org/conda-forge/linux-64/pytables-3.4.4-py27h5d69a80_1004.tar.bz2#24ea3c7715a105c23ba7473d64710905
https://conda.anaconda.org/conda-forge/linux-64/pytest-4.6.4-py27_0.tar.bz2#c180cba761a561441baf8fdea75d580e
https://conda.anaconda.org/conda-forge/linux-64/python-2.7.15-h5a48372_1011_cpython.tar.bz2#d1824ac0987155f58a03b7ffda01db38
https://conda.anaconda.org/conda-forge/linux-64/python_abi-2.7-1_cp27mu.tar.bz2#02d6ad6bce3a798e6ee85494cd9b3d8d
https://conda.anaconda.org/conda-forge/linux-64/pyyaml-5.3.1-py27hdf8410d_0.tar.bz2#dda58dbeb78b7337178e0762206affd1
https://conda.anaconda.org/conda-forge/linux-64/pyzmq-19.0.0-py27h76efe43_1.tar.bz2#0f578fd2966e4b2b910ffb3d39951645
https://conda.anaconda.org/conda-forge/linux-64/readline-8.1-h46c0cb4_0.tar.bz2#5788de3c8d7a7d64ac56c784c4ef48e6
https://conda.anaconda.org/conda-forge/linux-64/scandir-1.10.0-py27hdf8410d_1.tar.bz2#bfaf4b51772c5904b696ce7d68731397
https://conda.anaconda.org/conda-forge/linux-64/scipy-1.2.1-py27h921218d_2.tar.bz2#86dfec20837a8d0e9f05e79d1fb9e615
https://conda.anaconda.org/conda-forge/linux-64/setuptools-44.0.0-py27_0.tar.bz2#a1dcb0ca393c777d0611faf5b86602be
https://conda.anaconda.org/conda-forge/linux-64/sqlite-3.36.0-h9cd32fc_2.tar.bz2#3588c2c6cb9f9bcc65b544ab1c715d60
https://conda.anaconda.org/conda-forge/linux-64/subprocess32-3.5.4-py27h516909a_0.tar.bz2#1abcf004f3262a45281f8ac05a6a396d
https://conda.anaconda.org/conda-forge/linux-64/suitesparse-5.10.1-h9e50725_1.tar.bz2#a3a685b5f9aeb890ed874502fe56accf
https://conda.anaconda.org/conda-forge/linux-64/tbb-2021.4.0-h4bd325d_0.tar.bz2#9c9cba4d16f2e875083de8475b95b99b
https://conda.anaconda.org/conda-forge/linux-64/tk-8.6.11-h27826a3_1.tar.bz2#84e76fb280e735fec1efd2d21fd9cb27
https://conda.anaconda.org/conda-forge/linux-64/tornado-5.1.1-py27h14c3975_1000.tar.bz2#adf3de0f4bc56b631b63e5b5dc0a8886
https://conda.anaconda.org/conda-forge/linux-64/traitlets-4.3.3-py27h8c360ce_1.tar.bz2#1e13e5ecf3cab787df71dc0c77563dce
https://conda.anaconda.org/conda-forge/linux-64/xz-5.2.5-h516909a_1.tar.bz2#33f601066901f3e1a85af3522a8113f9
https://conda.anaconda.org/conda-forge/linux-64/yaml-0.2.5-h516909a_0.tar.bz2#03a530e925414902547cf48da7756db8
https://conda.anaconda.org/conda-forge/linux-64/zeromq-4.3.2-he1b5a44_2.tar.bz2#bc50a478e0d59f9a62ad164e7d768f63
https://conda.anaconda.org/conda-forge/linux-64/zlib-1.2.11-h36c2ea0_1013.tar.bz2#cf7190238072a41e9579e4476a6a60b8
https://conda.anaconda.org/conda-forge/noarch/atomicwrites-1.4.0-pyh9f0ad1d_0.tar.bz2#5e36230ffaf3b7bb599424592684ae53
https://conda.anaconda.org/conda-forge/noarch/attrs-21.2.0-pyhd8ed1ab_0.tar.bz2#d2e1c7f388ac403df7079b411c37cc50
https://conda.anaconda.org/conda-forge/noarch/autograd-1.3-py_0.tar.bz2#657c5f269a3cdbde8e23147957a23f09
https://conda.anaconda.org/conda-forge/noarch/backports-1.0-py_2.tar.bz2#0da16b293affa6ac31812376f8eb79dd
https://conda.anaconda.org/conda-forge/noarch/backports.functools_lru_cache-1.6.1-py_0.tar.bz2#d36df15eaef96549ce6231e3088fba54
https://conda.anaconda.org/conda-forge/noarch/backports.shutil_get_terminal_size-1.0.0-py_3.tar.bz2#ed3c4ce59b457c5fd7ca79b94c57eff4
https://conda.anaconda.org/conda-forge/noarch/backports_abc-0.5-py_1.tar.bz2#6ac8cc52b55791b066dc43469bbaf8f2
https://conda.anaconda.org/conda-forge/noarch/clint-0.5.1-py_1.tar.bz2#d13704bed3b991487ca841df7b5656dd
https://conda.anaconda.org/conda-forge/noarch/colorama-0.4.4-pyh9f0ad1d_0.tar.bz2#c08b4c1326b880ed44f3ffb04803332f
https://conda.anaconda.org/conda-forge/noarch/contextlib2-0.6.0.post1-py_0.tar.bz2#88cbe489355adaaa4c38ed55bbd620f3
https://conda.anaconda.org/conda-forge/noarch/cycler-0.10.0-py_2.tar.bz2#f6d7c7e6d8f42cbbec7e07a8d879f91c
https://conda.anaconda.org/conda-forge/noarch/decorator-4.4.2-py_0.tar.bz2#d2eabb9cabd212e1ec6a9463bd846243
https://conda.anaconda.org/conda-forge/noarch/funcsigs-1.0.2-py_3.tar.bz2#0b5d88c71f11dd77c318ee944b3947db
https://conda.anaconda.org/conda-forge/noarch/functools32-3.2.3.2-py_3.tar.bz2#de00994d4b9b843598b117e4bd3cb034
https://conda.anaconda.org/conda-forge/noarch/importlib_metadata-1.5.0-1.tar.bz2#71fad3d59c6551ef0e16afd6df00bd97
https://conda.anaconda.org/conda-forge/noarch/ipython_genutils-0.2.0-py_1.tar.bz2#5071c982548b3a20caf70462f04f5287
https://conda.anaconda.org/conda-forge/noarch/more-itertools-5.0.0-py_0.tar.bz2#368d2cb3377851a482b2f2b080aad3ee
https://conda.anaconda.org/conda-forge/noarch/packaging-20.9-pyh44b312d_0.tar.bz2#be69a38e912054a62dc82cc3c7711a64
https://conda.anaconda.org/conda-forge/noarch/pexpect-4.8.0-pyh9f0ad1d_2.tar.bz2#5909e7b978141dd80d28dbf9de627827
https://conda.anaconda.org/conda-forge/noarch/pip-20.1.1-pyh9f0ad1d_0.tar.bz2#cd67a20c73ff2514cf5f34cae28fc867
https://conda.anaconda.org/conda-forge/noarch/pluggy-0.12.0-py_0.tar.bz2#4f6bebc7cd74327a736c244a756fab71
https://conda.anaconda.org/conda-forge/noarch/prompt_toolkit-1.0.15-py_1.tar.bz2#f5bea0930b268df84653cb32c8d1542f
https://conda.anaconda.org/conda-forge/noarch/ptyprocess-0.7.0-pyhd3deb0d_0.tar.bz2#359eeb6536da0e687af562ed265ec263
https://conda.anaconda.org/conda-forge/noarch/py-1.10.0-pyhd3deb0d_0.tar.bz2#88ca1328ecc79a070214aa24911bace8
https://conda.anaconda.org/conda-forge/noarch/pygments-2.5.2-py_0.tar.bz2#c48719b941c60b26add57de2b014ef96
https://conda.anaconda.org/conda-forge/noarch/pyparsing-2.4.7-pyh9f0ad1d_0.tar.bz2#626c4f20d5bf06dcec9cf2eaa31725c7
https://conda.anaconda.org/conda-forge/noarch/pytest-runner-5.3.0-pyh44b312d_0.tar.bz2#d5be81811f27df36344c112f0a0fe5f2
https://conda.anaconda.org/conda-forge/noarch/python-dateutil-2.8.1-py_0.tar.bz2#0d0150ed9c2d25817f5324108d3f7571
https://conda.anaconda.org/conda-forge/noarch/pytz-2020.1-pyh9f0ad1d_0.tar.bz2#e52abc1f0fd70e05001c1ceb2696f625
https://conda.anaconda.org/conda-forge/noarch/simplegeneric-0.8.1-py_1.tar.bz2#a561caf8601e8d85547c77a54ee99333
https://conda.anaconda.org/conda-forge/noarch/singledispatch-3.6.1-pyh44b312d_0.tar.bz2#97dbbff78f872e5eb30a57c050cc4bba
https://conda.anaconda.org/conda-forge/noarch/six-1.16.0-pyh6c4a22f_0.tar.bz2#e5f25f8dbc060e9a8d912e432202afc2
https://conda.anaconda.org/conda-forge/noarch/toolz-0.10.0-py_0.tar.bz2#9b38c091d24a308daf386f1e82d9d3a9
https://conda.anaconda.org/conda-forge/noarch/tqdm-4.62.3-pyhd8ed1ab_0.tar.bz2#24ed42db084efd6e615babec03c2b460
https://conda.anaconda.org/conda-forge/noarch/wcwidth-0.2.5-pyh9f0ad1d_2.tar.bz2#5266fcd697043c59621fda522b3d78ee
https://conda.anaconda.org/conda-forge/noarch/wheel-0.37.0-pyhd8ed1ab_1.tar.bz2#3aa2c3e25dd361b453d010388b9cdff1
https://conda.anaconda.org/conda-forge/noarch/zipp-1.0.0-py_0.tar.bz2#a3f50802a987a528c837113c7b705253
https://conda.anaconda.org/jvansanten/linux-64/newnuflux-161839-py27ha8d69ae_4.tar.bz2#efd5cdeb24a3578028f9dc21404295b9
https://conda.anaconda.org/jvansanten/noarch/dashi-1.0-py_1.tar.bz2#9a8db989bf1d2f3b6375be6d9d6076ea
# pip easy-cache @ https://files.pythonhosted.org/packages/85/2e/27a4000ca2ce756e3a9cc3f4539102793436352b9dbfa97bd47f79cf469e/easy-cache-1.1.0.tar.gz#sha256=95c4c7606bcac7da23762117b20197a59253db3d2e5bfd48b3d4c6e8649774ee
