# Generated by conda-lock.
# platform: osx-64
# input_hash: 2a5d38ccd95e9ffbb3afb9335a46d0f642bb0eae9360899d10d928e9888c7708
@EXPLICIT
https://conda.anaconda.org/conda-forge/noarch/attrs-21.2.0-pyhd8ed1ab_0.tar.bz2#d2e1c7f388ac403df7079b411c37cc50
https://conda.anaconda.org/conda-forge/noarch/autograd-1.3-py_0.tar.bz2#657c5f269a3cdbde8e23147957a23f09
https://conda.anaconda.org/conda-forge/noarch/backcall-0.2.0-pyh9f0ad1d_0.tar.bz2#6006a6d08a3fa99268a2681c7fb55213
https://conda.anaconda.org/conda-forge/noarch/backports-1.0-py_2.tar.bz2#0da16b293affa6ac31812376f8eb79dd
https://conda.anaconda.org/conda-forge/noarch/backports.functools_lru_cache-1.6.4-pyhd8ed1ab_0.tar.bz2#c5b3edc62d6309088f4970b3eaaa65a6
https://conda.anaconda.org/conda-forge/noarch/colorama-0.4.4-pyh9f0ad1d_0.tar.bz2#c08b4c1326b880ed44f3ffb04803332f
https://conda.anaconda.org/conda-forge/noarch/cycler-0.11.0-pyhd8ed1ab_0.tar.bz2#a50559fad0affdbb33729a68669ca1cb
https://conda.anaconda.org/conda-forge/noarch/decorator-5.1.0-pyhd8ed1ab_0.tar.bz2#71b13ba2e0efcff45646f05d619534b0
https://conda.anaconda.org/conda-forge/noarch/iniconfig-1.1.1-pyh9f0ad1d_0.tar.bz2#39161f81cc5e5ca45b8226fbb06c6905
https://conda.anaconda.org/conda-forge/noarch/ipython_genutils-0.2.0-py_1.tar.bz2#5071c982548b3a20caf70462f04f5287
https://conda.anaconda.org/conda-forge/noarch/jupyter_client-7.0.6-pyhd8ed1ab_0.tar.bz2#bad4522cf4a022cb5500969ad67c3342
https://conda.anaconda.org/conda-forge/noarch/matplotlib-inline-0.1.3-pyhd8ed1ab_0.tar.bz2#be3bfd435802d2c768c6b2439f325f3d
https://conda.anaconda.org/conda-forge/noarch/more-itertools-8.10.0-pyhd8ed1ab_0.tar.bz2#24a4379cfc9ba76a7ad238e5c32a6c68
https://conda.anaconda.org/conda-forge/noarch/nest-asyncio-1.5.1-pyhd8ed1ab_0.tar.bz2#47a51a5b8f9cc41004c8d7bd88b62447
https://conda.anaconda.org/conda-forge/noarch/olefile-0.46-pyh9f0ad1d_1.tar.bz2#0b2e68acc8c78c8cc392b90983481f58
https://conda.anaconda.org/conda-forge/noarch/packaging-21.2-pyhd8ed1ab_1.tar.bz2#80ab704308a0c870245dc4cb62c6c156
https://conda.anaconda.org/conda-forge/noarch/parso-0.8.2-pyhd8ed1ab_0.tar.bz2#fb40b157bd62b457a1cc82527b63f0b0
https://conda.anaconda.org/conda-forge/noarch/pexpect-4.8.0-pyh9f0ad1d_2.tar.bz2#5909e7b978141dd80d28dbf9de627827
https://conda.anaconda.org/conda-forge/noarch/pip-21.3.1-pyhd8ed1ab_0.tar.bz2#e4fe2a9af78ff11f1aced7e62128c6a8
https://conda.anaconda.org/conda-forge/noarch/prompt-toolkit-3.0.21-pyha770c72_0.tar.bz2#49fe880250e91246d2a0f41f7ff94e81
https://conda.anaconda.org/conda-forge/noarch/ptyprocess-0.7.0-pyhd3deb0d_0.tar.bz2#359eeb6536da0e687af562ed265ec263
https://conda.anaconda.org/conda-forge/noarch/py-1.10.0-pyhd3deb0d_0.tar.bz2#88ca1328ecc79a070214aa24911bace8
https://conda.anaconda.org/conda-forge/noarch/pygments-2.10.0-pyhd8ed1ab_0.tar.bz2#32bcce837f1316f1c3208118b6c5e5fc
https://conda.anaconda.org/conda-forge/noarch/pyparsing-2.4.7-pyhd8ed1ab_1.tar.bz2#49cdb8bb03aab9dd1e9e1b30ee2e970c
https://conda.anaconda.org/conda-forge/noarch/pytest-runner-5.3.1-pyhd8ed1ab_0.tar.bz2#746605234be5c988579ba312035c3959
https://conda.anaconda.org/conda-forge/noarch/python-dateutil-2.8.2-pyhd8ed1ab_0.tar.bz2#dd999d1cc9f79e67dbb855c8924c7984
https://conda.anaconda.org/conda-forge/noarch/pytz-2021.3-pyhd8ed1ab_0.tar.bz2#7e4f811bff46a5a6a7e0094921389395
https://conda.anaconda.org/conda-forge/noarch/six-1.16.0-pyh6c4a22f_0.tar.bz2#e5f25f8dbc060e9a8d912e432202afc2
https://conda.anaconda.org/conda-forge/noarch/toml-0.10.2-pyhd8ed1ab_0.tar.bz2#f832c45a477c78bebd107098db465095
https://conda.anaconda.org/conda-forge/noarch/toolz-0.11.1-py_0.tar.bz2#d1e66b58cb00b3817ad9f05eec098c00
https://conda.anaconda.org/conda-forge/noarch/tqdm-4.62.3-pyhd8ed1ab_0.tar.bz2#24ed42db084efd6e615babec03c2b460
https://conda.anaconda.org/conda-forge/noarch/traitlets-5.1.1-pyhd8ed1ab_0.tar.bz2#a1bc9765ef9499760e88f568b3a6622c
https://conda.anaconda.org/conda-forge/noarch/tzdata-2021e-he74cb21_0.tar.bz2#a751ec502589ebdc2eceb183ff602569
https://conda.anaconda.org/conda-forge/noarch/wcwidth-0.2.5-pyh9f0ad1d_2.tar.bz2#5266fcd697043c59621fda522b3d78ee
https://conda.anaconda.org/conda-forge/noarch/wheel-0.37.0-pyhd8ed1ab_1.tar.bz2#3aa2c3e25dd361b453d010388b9cdff1
https://conda.anaconda.org/conda-forge/noarch/zipp-3.6.0-pyhd8ed1ab_0.tar.bz2#855e2c4622f5eb50a4f6f7167b9ba17a
https://conda.anaconda.org/conda-forge/osx-64/appnope-0.1.2-py39h6e9494a_2.tar.bz2#325d6f906987a5ca236cc6544594f894
https://conda.anaconda.org/conda-forge/osx-64/astropy-4.3.1-py39hc89836e_1.tar.bz2#a3e901b7b677baf4fe78a45e55f62433
https://conda.anaconda.org/conda-forge/osx-64/blosc-1.21.0-he49afe7_0.tar.bz2#95ea0559c188b34a888d42545c580268
https://conda.anaconda.org/conda-forge/osx-64/boost-1.74.0-py39ha641261_3.tar.bz2#32bcae9ebc83b5095d2655c24eddc0f0
https://conda.anaconda.org/conda-forge/osx-64/boost-cpp-1.74.0-hf3dc895_5.tar.bz2#9c07353ad4ffd51708370efa62ece44b
https://conda.anaconda.org/conda-forge/osx-64/bzip2-1.0.8-h0d85af4_4.tar.bz2#37edc4e6304ca87316e160f5ca0bd1b5
https://conda.anaconda.org/conda-forge/osx-64/c-ares-1.18.1-h0d85af4_0.tar.bz2#00b3e98a61e6430808fe7a2534681f28
https://conda.anaconda.org/conda-forge/osx-64/ca-certificates-2021.10.8-h033912b_0.tar.bz2#bb82d0243db9882b509702ecb69e38f0
https://conda.anaconda.org/conda-forge/osx-64/certifi-2021.10.8-py39h6e9494a_1.tar.bz2#92d08816d4b2e58a34a57013e3a636f0
https://conda.anaconda.org/conda-forge/osx-64/cfitsio-3.470-h01dc385_7.tar.bz2#7f3e6254480eeccf854238807b1798d9
https://conda.anaconda.org/conda-forge/osx-64/debugpy-1.4.1-py39h9fcab8e_1.tar.bz2#da382314dfd81f4da85888e6b1c83208
https://conda.anaconda.org/conda-forge/osx-64/entrypoints-0.3-py39hde42818_1002.tar.bz2#fb8afe91904c7e3544dab6801b23436e
https://conda.anaconda.org/conda-forge/osx-64/freetype-2.10.4-h4cff582_1.tar.bz2#5a136a432c6062362cd7990c514bd8d6
https://conda.anaconda.org/conda-forge/osx-64/future-0.18.2-py39h6e9494a_4.tar.bz2#5c080c6a3bc97583ee1e7d9b70a1dbb4
https://conda.anaconda.org/conda-forge/osx-64/gmp-6.2.1-h2e338ed_0.tar.bz2#dedc96914428dae572a39e69ee2a392f
https://conda.anaconda.org/conda-forge/osx-64/hdf5-1.12.1-nompi_hd9e8a45_101.tar.bz2#be6cbe3c26035169855ae54b9145dbbc
https://conda.anaconda.org/conda-forge/osx-64/healpy-1.15.0-py39he39145b_2.tar.bz2#1dec4baeb1e7a7a012c6a7129b61938f
https://conda.anaconda.org/conda-forge/osx-64/icu-69.1-he49afe7_0.tar.bz2#ee3bde95f8c74ebd296543525775ada5
https://conda.anaconda.org/conda-forge/osx-64/importlib-metadata-4.8.1-py39h6e9494a_1.tar.bz2#aa5d93af89dd84b09db1e36209d4d0c6
https://conda.anaconda.org/conda-forge/osx-64/ipykernel-6.4.2-py39h71a6800_0.tar.bz2#d6e3610d9e00b113867b38cceb0f801d
https://conda.anaconda.org/conda-forge/osx-64/ipython-7.29.0-py39h71a6800_1.tar.bz2#29b81f0adfc6c12fda6c056316aee7ce
https://conda.anaconda.org/conda-forge/osx-64/jbig-2.1-h0d85af4_2003.tar.bz2#4d76d11d3a256931926099498aa3565b
https://conda.anaconda.org/conda-forge/osx-64/jedi-0.18.0-py39h6e9494a_3.tar.bz2#035922cb6e6851f89c1cefc59f7cfc44
https://conda.anaconda.org/conda-forge/osx-64/jpeg-9d-hbcb3906_0.tar.bz2#ff6fba028f282f94ceb10597d58a56e8
https://conda.anaconda.org/conda-forge/osx-64/jupyter_core-4.9.1-py39h6e9494a_0.tar.bz2#02e5fbc2d31a51dec20f6931b871bbfd
https://conda.anaconda.org/conda-forge/osx-64/kiwisolver-1.3.2-py39hf018cea_1.tar.bz2#ca59e7f33a4c69c58f41b1820a503c6a
https://conda.anaconda.org/conda-forge/osx-64/krb5-1.19.2-h289aae4_3.tar.bz2#8d390ae9efef7ee87b187104c0177dd2
https://conda.anaconda.org/conda-forge/osx-64/lcms2-2.12-h577c468_0.tar.bz2#abce77b852b73670e85e104746b0ea1b
https://conda.anaconda.org/conda-forge/osx-64/lerc-3.0-he49afe7_0.tar.bz2#a1d21f85e4b0d5e27a88ecab5e3961da
https://conda.anaconda.org/conda-forge/osx-64/libblas-3.9.0-12_osx64_openblas.tar.bz2#3d38a706f06849a4b08f8a3f642bec93
https://conda.anaconda.org/conda-forge/osx-64/libcblas-3.9.0-12_osx64_openblas.tar.bz2#0cb9afc4cfdc6e95aa38328fc1befa05
https://conda.anaconda.org/conda-forge/osx-64/libcurl-7.79.1-h97da3c1_1.tar.bz2#7ba54822b8b2d0a9a22c12e6a43d0c1f
https://conda.anaconda.org/conda-forge/osx-64/libcxx-12.0.1-habf9029_0.tar.bz2#49c188a7f9c7c9ddabafc80cc5625bb7
https://conda.anaconda.org/conda-forge/osx-64/libdeflate-1.8-h0d85af4_0.tar.bz2#0c233c9a12552ee43d1e3f477f2a54ee
https://conda.anaconda.org/conda-forge/osx-64/libedit-3.1.20191231-h0678c8f_2.tar.bz2#6016a8a1d0e63cac3de2c352cd40208b
https://conda.anaconda.org/conda-forge/osx-64/libev-4.33-haf1e3a3_1.tar.bz2#79dc2be110b2a3d1e97ec21f691c50ad
https://conda.anaconda.org/conda-forge/osx-64/libffi-3.4.2-he49afe7_4.tar.bz2#48225bf0af2dafda90351a29deb33d13
https://conda.anaconda.org/conda-forge/osx-64/libgfortran-5.0.0-9_3_0_h6c81a4c_23.tar.bz2#60f48cef2d50674e0428c5579b6c3f66
https://conda.anaconda.org/conda-forge/osx-64/libgfortran5-9.3.0-h6c81a4c_23.tar.bz2#a6956ceb628b14594613cefee5127a7a
https://conda.anaconda.org/conda-forge/osx-64/liblapack-3.9.0-12_osx64_openblas.tar.bz2#ca35c8b85ced3a53059c7a001518cbae
https://conda.anaconda.org/conda-forge/osx-64/libnghttp2-1.43.0-hfd382f3_1.tar.bz2#f0b9ba0862c4fa8b31cf2597b784f1c9
https://conda.anaconda.org/conda-forge/osx-64/libopenblas-0.3.18-openmp_h3351f45_0.tar.bz2#a0636ed965924977a848fd0d0258cf17
https://conda.anaconda.org/conda-forge/osx-64/libpng-1.6.37-h7cec526_2.tar.bz2#9e52521faba2b53269672628d34e1513
https://conda.anaconda.org/conda-forge/osx-64/libsodium-1.0.18-hbcb3906_1.tar.bz2#24632c09ed931af617fe6d5292919cab
https://conda.anaconda.org/conda-forge/osx-64/libssh2-1.10.0-hd3787cc_2.tar.bz2#b0b2876bf1f89bc3cf0c5898c8ab7802
https://conda.anaconda.org/conda-forge/osx-64/libtiff-4.3.0-hd146c10_2.tar.bz2#f83e9c7a6f2458e85a267df87cd57ca1
https://conda.anaconda.org/conda-forge/osx-64/libwebp-base-1.2.1-h0d85af4_0.tar.bz2#8c6f05a6655b7911c62910343ba806d1
https://conda.anaconda.org/conda-forge/osx-64/libzlib-1.2.11-h9173be1_1013.tar.bz2#a3a6a53beaa92c5cfe52ee3a198e78cc
https://conda.anaconda.org/conda-forge/osx-64/llvm-openmp-12.0.1-hda6cdc1_1.tar.bz2#35b1fd6ed9f0f1c68583dc9c9f672513
https://conda.anaconda.org/conda-forge/osx-64/lz4-c-1.9.3-he49afe7_1.tar.bz2#05c08241b66631c00ca4f9e0b75320bc
https://conda.anaconda.org/conda-forge/osx-64/matplotlib-base-3.4.3-py39hb07454d_1.tar.bz2#0960513961a2ae5c786bd9d15929eb89
https://conda.anaconda.org/conda-forge/osx-64/metis-5.1.0-h2e338ed_1006.tar.bz2#ed90f7784864e7c0580624ec3ed5534e
https://conda.anaconda.org/conda-forge/osx-64/mock-4.0.3-py39h6e9494a_2.tar.bz2#3fd270befb9f7ca17800052d9d361ec5
https://conda.anaconda.org/conda-forge/osx-64/mpfr-4.1.0-h0f52abe_1.tar.bz2#afe26b08c2d2265b4d663d199000e5da
https://conda.anaconda.org/conda-forge/osx-64/ncurses-6.2-h2e338ed_4.tar.bz2#9cef1910395d1543527583e73dba30f1
https://conda.anaconda.org/conda-forge/osx-64/nuflux-2.0.2-py39hc06839a_1.tar.bz2#08e60e0de53b6b452b676ceae5701a3a
https://conda.anaconda.org/conda-forge/osx-64/numexpr-2.7.3-py39h4d6be9b_0.tar.bz2#bd6a2fafac6f4ab2c18bcf116f0df7b1
https://conda.anaconda.org/conda-forge/osx-64/numpy-1.21.3-py39h7eed0ac_1.tar.bz2#8ae09dc91457700f9982bf7c7b54cc3a
https://conda.anaconda.org/conda-forge/osx-64/openjpeg-2.4.0-h6e7aa92_1.tar.bz2#c8cbb6d99f6467246ac26a139256e50f
https://conda.anaconda.org/conda-forge/osx-64/openssl-3.0.0-h0d85af4_2.tar.bz2#459fe1a1b09864f0fbacadc9abf8c73e
https://conda.anaconda.org/conda-forge/osx-64/pandas-1.3.4-py39h4d6be9b_0.tar.bz2#37831161b53abd456d3ffb4803ad4716
https://conda.anaconda.org/conda-forge/osx-64/photospline-2.0.7-py39ha407319_0.tar.bz2#af0f30ac8b87b29e47b6a45d677457f8
https://conda.anaconda.org/conda-forge/osx-64/pickleshare-0.7.5-py39hde42818_1002.tar.bz2#ea16ea8f9953518f231b76ca97acea9a
https://conda.anaconda.org/conda-forge/osx-64/pillow-8.3.2-py39he9bb72f_0.tar.bz2#7a26df2d9e936db41730082ec6f8e1a9
https://conda.anaconda.org/conda-forge/osx-64/pluggy-1.0.0-py39h6e9494a_2.tar.bz2#0837336c3a2d14e137650bbbc9186695
https://conda.anaconda.org/conda-forge/osx-64/pyerfa-2.0.0.1-py39hc89836e_0.tar.bz2#5c68b240c7a794ac680d626c0135edb0
https://conda.anaconda.org/conda-forge/osx-64/pytables-3.6.1-py39hfd850c7_4.tar.bz2#47e882b060f3d15a9542d75b171fa61f
https://conda.anaconda.org/conda-forge/osx-64/pytest-6.2.5-py39h6e9494a_1.tar.bz2#21f34c4fc1f9f16d2a41ea6766eadbf3
https://conda.anaconda.org/conda-forge/osx-64/python-3.9.7-h38b4d05_3_cpython.tar.bz2#471a3d09ca47c7174320651e54acc073
https://conda.anaconda.org/conda-forge/osx-64/python_abi-3.9-2_cp39.tar.bz2#262f557ee8ca777fe2190956038024cd
https://conda.anaconda.org/conda-forge/osx-64/pyyaml-6.0-py39h89e85a6_2.tar.bz2#7c5bb007f97e68de8cb3ce589555cc0d
https://conda.anaconda.org/conda-forge/osx-64/pyzmq-22.3.0-py39h7fec2f1_1.tar.bz2#2fce59dc95b66a741674e752e4f6a80a
https://conda.anaconda.org/conda-forge/osx-64/readline-8.1-h05e3726_0.tar.bz2#2832e9b6a7caa7cb192fcda6cfcd8871
https://conda.anaconda.org/conda-forge/osx-64/scipy-1.7.1-py39h056f1c0_0.tar.bz2#f896290de75576787a55ddd1dce19d84
https://conda.anaconda.org/conda-forge/osx-64/setuptools-58.5.2-py39h6e9494a_0.tar.bz2#30a448f04eaa337e0a4d6a6d8480f76b
https://conda.anaconda.org/conda-forge/osx-64/sqlite-3.36.0-h23a322b_2.tar.bz2#9683f769193cd3148dc1fbeb59093921
https://conda.anaconda.org/conda-forge/osx-64/suitesparse-5.10.1-h7aff33d_1.tar.bz2#d30185298e8ba70c8bc17121f837730d
https://conda.anaconda.org/conda-forge/osx-64/tbb-2021.4.0-h940c156_1.tar.bz2#e144dec8fb993865dcdecd13587b3a0b
https://conda.anaconda.org/conda-forge/osx-64/tk-8.6.11-h5dbffcc_1.tar.bz2#e35b11155bd70facee39dfdec7368ad0
https://conda.anaconda.org/conda-forge/osx-64/tornado-6.1-py39h89e85a6_2.tar.bz2#32d59d66d08f06a706865721ca8dd91d
https://conda.anaconda.org/conda-forge/osx-64/xz-5.2.5-haf1e3a3_1.tar.bz2#41116deb499e9bc58048c297d6403ce6
https://conda.anaconda.org/conda-forge/osx-64/yaml-0.2.5-haf1e3a3_0.tar.bz2#84c2fc186995c25a43e86ed708065572
https://conda.anaconda.org/conda-forge/osx-64/zeromq-4.3.4-he49afe7_1.tar.bz2#1972d732b123ed04b60fd21e94f0b178
https://conda.anaconda.org/conda-forge/osx-64/zlib-1.2.11-h9173be1_1013.tar.bz2#cf985617d679990418c380099620b01a
https://conda.anaconda.org/conda-forge/osx-64/zstd-1.5.0-h582d3a0_0.tar.bz2#96a04eeb0146059f0c2d63491f77d6d0
# pip colored @ https://files.pythonhosted.org/packages/f4/57/fe3e4e96efa3c68d3781a0903de0933ea2afa744852d907b290a2cb2294e/colored-1.4.3.tar.gz#sha256=b7b48b9f40e8a65bbb54813d5d79dd008dc8b8c5638d5bbfd30fc5a82e6def7a
# pip easy-cache @ https://files.pythonhosted.org/packages/01/47/1d30783a8ce9df947f4d0c67726b3ecd0dfd22e363684b4eb1a8bf59e6e4/easy_cache-1.1.0-py3-none-any.whl#sha256=d99412159074d39891c83098dd5f0ca63bb56103e46efaa7e8455560680ce282
# pip pydashi @ https://github.com/IceCube-SPNO/dashi/archive/refs/tags/v2.0.0-alpha.0.tar.gz
# pip syrupy @ https://files.pythonhosted.org/packages/be/4d/a575239721e18104e58613b14e09e9c48d224557413647dd3e3995dcfaec/syrupy-1.5.0-py3-none-any.whl#sha256=4e791e12bd605c4af8ae39648093a3c665b0c4155c9dc32bcaf08a5433887732
